// !$*UTF8*$!
{
	archiveVersion = 1;
	classes = {
	};
	objectVersion = 51;
	objects = {

/* Begin PBXBuildFile section */
		1016566DD914C3B9C4E25B6A /* Pods_RxSwift_training_.framework in Frameworks */ = {isa = PBXBuildFile; fileRef = 04278A91DE88A83913BACD70 /* Pods_RxSwift_training_.framework */; };
		5F957FE32590CFFC00F19257 /* AppDelegate.swift in Sources */ = {isa = PBXBuildFile; fileRef = 5F957FE22590CFFC00F19257 /* AppDelegate.swift */; };
		5F957FE52590CFFC00F19257 /* SceneDelegate.swift in Sources */ = {isa = PBXBuildFile; fileRef = 5F957FE42590CFFC00F19257 /* SceneDelegate.swift */; };
		5F957FE72590CFFC00F19257 /* ViewController.swift in Sources */ = {isa = PBXBuildFile; fileRef = 5F957FE62590CFFC00F19257 /* ViewController.swift */; };
		5F957FEA2590CFFC00F19257 /* Main.storyboard in Resources */ = {isa = PBXBuildFile; fileRef = 5F957FE82590CFFC00F19257 /* Main.storyboard */; };
		5F957FEC2590D00000F19257 /* Assets.xcassets in Resources */ = {isa = PBXBuildFile; fileRef = 5F957FEB2590D00000F19257 /* Assets.xcassets */; };
		5F957FEF2590D00000F19257 /* LaunchScreen.storyboard in Resources */ = {isa = PBXBuildFile; fileRef = 5F957FED2590D00000F19257 /* LaunchScreen.storyboard */; };
		5F957FFA2590D00000F19257 /* RxSwift_training_Tests.swift in Sources */ = {isa = PBXBuildFile; fileRef = 5F957FF92590D00000F19257 /* RxSwift_training_Tests.swift */; };
		5F9580052590D00000F19257 /* RxSwift_training_UITests.swift in Sources */ = {isa = PBXBuildFile; fileRef = 5F9580042590D00000F19257 /* RxSwift_training_UITests.swift */; };
		5F9580172590D37D00F19257 /* Task1ViewController.swift in Sources */ = {isa = PBXBuildFile; fileRef = 5F9580162590D37D00F19257 /* Task1ViewController.swift */; };
		5F95801F2590D38B00F19257 /* Task1.storyboard in Resources */ = {isa = PBXBuildFile; fileRef = 5F95801E2590D38B00F19257 /* Task1.storyboard */; };
		5F95802F2593137100F19257 /* Task2ViewController.swift in Sources */ = {isa = PBXBuildFile; fileRef = 5F95802E2593137100F19257 /* Task2ViewController.swift */; };
		5F9580372593137E00F19257 /* Task2.storyboard in Resources */ = {isa = PBXBuildFile; fileRef = 5F9580362593137E00F19257 /* Task2.storyboard */; };
		C07FE241421610D127F3ABBC /* Pods_RxSwift_training_Tests.framework in Frameworks */ = {isa = PBXBuildFile; fileRef = F8DC6542A527644000F617A6 /* Pods_RxSwift_training_Tests.framework */; };
		E1AC912F8E662923C9658018 /* Pods_RxSwift_training__RxSwift_training_UITests.framework in Frameworks */ = {isa = PBXBuildFile; fileRef = D8D0F0D811F5199E9F8CEE7F /* Pods_RxSwift_training__RxSwift_training_UITests.framework */; };
/* End PBXBuildFile section */

/* Begin PBXContainerItemProxy section */
		5F957FF62590D00000F19257 /* PBXContainerItemProxy */ = {
			isa = PBXContainerItemProxy;
			containerPortal = 5F957FD72590CFFC00F19257 /* Project object */;
			proxyType = 1;
			remoteGlobalIDString = 5F957FDE2590CFFC00F19257;
			remoteInfo = "RxSwift-training-";
		};
		5F9580012590D00000F19257 /* PBXContainerItemProxy */ = {
			isa = PBXContainerItemProxy;
			containerPortal = 5F957FD72590CFFC00F19257 /* Project object */;
			proxyType = 1;
			remoteGlobalIDString = 5F957FDE2590CFFC00F19257;
			remoteInfo = "RxSwift-training-";
		};
/* End PBXContainerItemProxy section */

/* Begin PBXFileReference section */
		04278A91DE88A83913BACD70 /* Pods_RxSwift_training_.framework */ = {isa = PBXFileReference; explicitFileType = wrapper.framework; includeInIndex = 0; path = Pods_RxSwift_training_.framework; sourceTree = BUILT_PRODUCTS_DIR; };
		1F03FCE122F24EB196207453 /* Pods-RxSwift-training-.release.xcconfig */ = {isa = PBXFileReference; includeInIndex = 1; lastKnownFileType = text.xcconfig; name = "Pods-RxSwift-training-.release.xcconfig"; path = "Target Support Files/Pods-RxSwift-training-/Pods-RxSwift-training-.release.xcconfig"; sourceTree = "<group>"; };
		3552B54EFA02521C59E6B7AD /* Pods-RxSwift-training-.debug.xcconfig */ = {isa = PBXFileReference; includeInIndex = 1; lastKnownFileType = text.xcconfig; name = "Pods-RxSwift-training-.debug.xcconfig"; path = "Target Support Files/Pods-RxSwift-training-/Pods-RxSwift-training-.debug.xcconfig"; sourceTree = "<group>"; };
		39C0273F9C84FFA7D6048717 /* Pods-RxSwift-training--RxSwift-training-UITests.debug.xcconfig */ = {isa = PBXFileReference; includeInIndex = 1; lastKnownFileType = text.xcconfig; name = "Pods-RxSwift-training--RxSwift-training-UITests.debug.xcconfig"; path = "Target Support Files/Pods-RxSwift-training--RxSwift-training-UITests/Pods-RxSwift-training--RxSwift-training-UITests.debug.xcconfig"; sourceTree = "<group>"; };
		5F957FDF2590CFFC00F19257 /* RxSwift-training-.app */ = {isa = PBXFileReference; explicitFileType = wrapper.application; includeInIndex = 0; path = "RxSwift-training-.app"; sourceTree = BUILT_PRODUCTS_DIR; };
		5F957FE22590CFFC00F19257 /* AppDelegate.swift */ = {isa = PBXFileReference; lastKnownFileType = sourcecode.swift; path = AppDelegate.swift; sourceTree = "<group>"; };
		5F957FE42590CFFC00F19257 /* SceneDelegate.swift */ = {isa = PBXFileReference; lastKnownFileType = sourcecode.swift; path = SceneDelegate.swift; sourceTree = "<group>"; };
		5F957FE62590CFFC00F19257 /* ViewController.swift */ = {isa = PBXFileReference; lastKnownFileType = sourcecode.swift; path = ViewController.swift; sourceTree = "<group>"; };
		5F957FE92590CFFC00F19257 /* Base */ = {isa = PBXFileReference; lastKnownFileType = file.storyboard; name = Base; path = Base.lproj/Main.storyboard; sourceTree = "<group>"; };
		5F957FEB2590D00000F19257 /* Assets.xcassets */ = {isa = PBXFileReference; lastKnownFileType = folder.assetcatalog; path = Assets.xcassets; sourceTree = "<group>"; };
		5F957FEE2590D00000F19257 /* Base */ = {isa = PBXFileReference; lastKnownFileType = file.storyboard; name = Base; path = Base.lproj/LaunchScreen.storyboard; sourceTree = "<group>"; };
		5F957FF02590D00000F19257 /* Info.plist */ = {isa = PBXFileReference; lastKnownFileType = text.plist.xml; path = Info.plist; sourceTree = "<group>"; };
		5F957FF52590D00000F19257 /* RxSwift-training-Tests.xctest */ = {isa = PBXFileReference; explicitFileType = wrapper.cfbundle; includeInIndex = 0; path = "RxSwift-training-Tests.xctest"; sourceTree = BUILT_PRODUCTS_DIR; };
		5F957FF92590D00000F19257 /* RxSwift_training_Tests.swift */ = {isa = PBXFileReference; lastKnownFileType = sourcecode.swift; path = RxSwift_training_Tests.swift; sourceTree = "<group>"; };
		5F957FFB2590D00000F19257 /* Info.plist */ = {isa = PBXFileReference; lastKnownFileType = text.plist.xml; path = Info.plist; sourceTree = "<group>"; };
		5F9580002590D00000F19257 /* RxSwift-training-UITests.xctest */ = {isa = PBXFileReference; explicitFileType = wrapper.cfbundle; includeInIndex = 0; path = "RxSwift-training-UITests.xctest"; sourceTree = BUILT_PRODUCTS_DIR; };
		5F9580042590D00000F19257 /* RxSwift_training_UITests.swift */ = {isa = PBXFileReference; lastKnownFileType = sourcecode.swift; path = RxSwift_training_UITests.swift; sourceTree = "<group>"; };
		5F9580062590D00000F19257 /* Info.plist */ = {isa = PBXFileReference; lastKnownFileType = text.plist.xml; path = Info.plist; sourceTree = "<group>"; };
		5F9580162590D37D00F19257 /* Task1ViewController.swift */ = {isa = PBXFileReference; lastKnownFileType = sourcecode.swift; path = Task1ViewController.swift; sourceTree = "<group>"; };
		5F95801E2590D38B00F19257 /* Task1.storyboard */ = {isa = PBXFileReference; lastKnownFileType = file.storyboard; path = Task1.storyboard; sourceTree = "<group>"; };
		5F95802E2593137100F19257 /* Task2ViewController.swift */ = {isa = PBXFileReference; lastKnownFileType = sourcecode.swift; path = Task2ViewController.swift; sourceTree = "<group>"; };
		5F9580362593137E00F19257 /* Task2.storyboard */ = {isa = PBXFileReference; lastKnownFileType = file.storyboard; path = Task2.storyboard; sourceTree = "<group>"; };
		74A34B7F47053BF5335CA0FA /* Pods-RxSwift-training-Tests.debug.xcconfig */ = {isa = PBXFileReference; includeInIndex = 1; lastKnownFileType = text.xcconfig; name = "Pods-RxSwift-training-Tests.debug.xcconfig"; path = "Target Support Files/Pods-RxSwift-training-Tests/Pods-RxSwift-training-Tests.debug.xcconfig"; sourceTree = "<group>"; };
		8F8996FA1F763BD08318EAFE /* Pods-RxSwift-training--RxSwift-training-UITests.release.xcconfig */ = {isa = PBXFileReference; includeInIndex = 1; lastKnownFileType = text.xcconfig; name = "Pods-RxSwift-training--RxSwift-training-UITests.release.xcconfig"; path = "Target Support Files/Pods-RxSwift-training--RxSwift-training-UITests/Pods-RxSwift-training--RxSwift-training-UITests.release.xcconfig"; sourceTree = "<group>"; };
		D8D0F0D811F5199E9F8CEE7F /* Pods_RxSwift_training__RxSwift_training_UITests.framework */ = {isa = PBXFileReference; explicitFileType = wrapper.framework; includeInIndex = 0; path = Pods_RxSwift_training__RxSwift_training_UITests.framework; sourceTree = BUILT_PRODUCTS_DIR; };
		E9553324D8E55A9AE0AE5D86 /* Pods-RxSwift-training-Tests.release.xcconfig */ = {isa = PBXFileReference; includeInIndex = 1; lastKnownFileType = text.xcconfig; name = "Pods-RxSwift-training-Tests.release.xcconfig"; path = "Target Support Files/Pods-RxSwift-training-Tests/Pods-RxSwift-training-Tests.release.xcconfig"; sourceTree = "<group>"; };
		F8DC6542A527644000F617A6 /* Pods_RxSwift_training_Tests.framework */ = {isa = PBXFileReference; explicitFileType = wrapper.framework; includeInIndex = 0; path = Pods_RxSwift_training_Tests.framework; sourceTree = BUILT_PRODUCTS_DIR; };
/* End PBXFileReference section */

/* Begin PBXFrameworksBuildPhase section */
		5F957FDC2590CFFC00F19257 /* Frameworks */ = {
			isa = PBXFrameworksBuildPhase;
			buildActionMask = 2147483647;
			files = (
				1016566DD914C3B9C4E25B6A /* Pods_RxSwift_training_.framework in Frameworks */,
			);
			runOnlyForDeploymentPostprocessing = 0;
		};
		5F957FF22590D00000F19257 /* Frameworks */ = {
			isa = PBXFrameworksBuildPhase;
			buildActionMask = 2147483647;
			files = (
				C07FE241421610D127F3ABBC /* Pods_RxSwift_training_Tests.framework in Frameworks */,
			);
			runOnlyForDeploymentPostprocessing = 0;
		};
		5F957FFD2590D00000F19257 /* Frameworks */ = {
			isa = PBXFrameworksBuildPhase;
			buildActionMask = 2147483647;
			files = (
				E1AC912F8E662923C9658018 /* Pods_RxSwift_training__RxSwift_training_UITests.framework in Frameworks */,
			);
			runOnlyForDeploymentPostprocessing = 0;
		};
/* End PBXFrameworksBuildPhase section */

/* Begin PBXGroup section */
		5F957FD62590CFFC00F19257 = {
			isa = PBXGroup;
			children = (
				5F957FE12590CFFC00F19257 /* RxSwift-training- */,
				5F957FF82590D00000F19257 /* RxSwift-training-Tests */,
				5F9580032590D00000F19257 /* RxSwift-training-UITests */,
				5F957FE02590CFFC00F19257 /* Products */,
				9A84E4EDE7EC6F94706068C2 /* Pods */,
				998D097622A3C59012D1B3FD /* Frameworks */,
			);
			sourceTree = "<group>";
		};
		5F957FE02590CFFC00F19257 /* Products */ = {
			isa = PBXGroup;
			children = (
				5F957FDF2590CFFC00F19257 /* RxSwift-training-.app */,
				5F957FF52590D00000F19257 /* RxSwift-training-Tests.xctest */,
				5F9580002590D00000F19257 /* RxSwift-training-UITests.xctest */,
			);
			name = Products;
			sourceTree = "<group>";
		};
		5F957FE12590CFFC00F19257 /* RxSwift-training- */ = {
			isa = PBXGroup;
			children = (
				5F9580152590D35300F19257 /* Task1 */,
				5F95802D259312B900F19257 /* Task2 */,
				5F957FE22590CFFC00F19257 /* AppDelegate.swift */,
				5F957FE42590CFFC00F19257 /* SceneDelegate.swift */,
				5F957FE62590CFFC00F19257 /* ViewController.swift */,
				5F957FE82590CFFC00F19257 /* Main.storyboard */,
				5F957FEB2590D00000F19257 /* Assets.xcassets */,
				5F957FED2590D00000F19257 /* LaunchScreen.storyboard */,
				5F957FF02590D00000F19257 /* Info.plist */,
			);
			path = "RxSwift-training-";
			sourceTree = "<group>";
		};
		5F957FF82590D00000F19257 /* RxSwift-training-Tests */ = {
			isa = PBXGroup;
			children = (
				5F957FF92590D00000F19257 /* RxSwift_training_Tests.swift */,
				5F957FFB2590D00000F19257 /* Info.plist */,
			);
			path = "RxSwift-training-Tests";
			sourceTree = "<group>";
		};
		5F9580032590D00000F19257 /* RxSwift-training-UITests */ = {
			isa = PBXGroup;
			children = (
				5F9580042590D00000F19257 /* RxSwift_training_UITests.swift */,
				5F9580062590D00000F19257 /* Info.plist */,
			);
			path = "RxSwift-training-UITests";
			sourceTree = "<group>";
		};
		5F9580152590D35300F19257 /* Task1 */ = {
			isa = PBXGroup;
			children = (
				5F9580162590D37D00F19257 /* Task1ViewController.swift */,
				5F95801E2590D38B00F19257 /* Task1.storyboard */,
			);
			path = Task1;
			sourceTree = "<group>";
		};
		5F95802D259312B900F19257 /* Task2 */ = {
			isa = PBXGroup;
			children = (
				5F95802E2593137100F19257 /* Task2ViewController.swift */,
				5F9580362593137E00F19257 /* Task2.storyboard */,
			);
			path = Task2;
			sourceTree = "<group>";
		};
		998D097622A3C59012D1B3FD /* Frameworks */ = {
			isa = PBXGroup;
			children = (
				04278A91DE88A83913BACD70 /* Pods_RxSwift_training_.framework */,
				D8D0F0D811F5199E9F8CEE7F /* Pods_RxSwift_training__RxSwift_training_UITests.framework */,
				F8DC6542A527644000F617A6 /* Pods_RxSwift_training_Tests.framework */,
			);
			name = Frameworks;
			sourceTree = "<group>";
		};
		9A84E4EDE7EC6F94706068C2 /* Pods */ = {
			isa = PBXGroup;
			children = (
				3552B54EFA02521C59E6B7AD /* Pods-RxSwift-training-.debug.xcconfig */,
				1F03FCE122F24EB196207453 /* Pods-RxSwift-training-.release.xcconfig */,
				39C0273F9C84FFA7D6048717 /* Pods-RxSwift-training--RxSwift-training-UITests.debug.xcconfig */,
				8F8996FA1F763BD08318EAFE /* Pods-RxSwift-training--RxSwift-training-UITests.release.xcconfig */,
				74A34B7F47053BF5335CA0FA /* Pods-RxSwift-training-Tests.debug.xcconfig */,
				E9553324D8E55A9AE0AE5D86 /* Pods-RxSwift-training-Tests.release.xcconfig */,
			);
			path = Pods;
			sourceTree = "<group>";
		};
/* End PBXGroup section */

/* Begin PBXNativeTarget section */
		5F957FDE2590CFFC00F19257 /* RxSwift-training- */ = {
			isa = PBXNativeTarget;
			buildConfigurationList = 5F9580092590D00000F19257 /* Build configuration list for PBXNativeTarget "RxSwift-training-" */;
			buildPhases = (
				501A0DB6FD2A42ABD3813A57 /* [CP] Check Pods Manifest.lock */,
				5F957FDB2590CFFC00F19257 /* Sources */,
				5F957FDC2590CFFC00F19257 /* Frameworks */,
				5F957FDD2590CFFC00F19257 /* Resources */,
				C38640C009B96FC0CE2A295E /* [CP] Embed Pods Frameworks */,
			);
			buildRules = (
			);
			dependencies = (
			);
			name = "RxSwift-training-";
			productName = "RxSwift-training-";
			productReference = 5F957FDF2590CFFC00F19257 /* RxSwift-training-.app */;
			productType = "com.apple.product-type.application";
		};
		5F957FF42590D00000F19257 /* RxSwift-training-Tests */ = {
			isa = PBXNativeTarget;
			buildConfigurationList = 5F95800C2590D00000F19257 /* Build configuration list for PBXNativeTarget "RxSwift-training-Tests" */;
			buildPhases = (
				B64E388101CE68DBB7669E2F /* [CP] Check Pods Manifest.lock */,
				5F957FF12590D00000F19257 /* Sources */,
				5F957FF22590D00000F19257 /* Frameworks */,
				5F957FF32590D00000F19257 /* Resources */,
			);
			buildRules = (
			);
			dependencies = (
				5F957FF72590D00000F19257 /* PBXTargetDependency */,
			);
			name = "RxSwift-training-Tests";
			productName = "RxSwift-training-Tests";
			productReference = 5F957FF52590D00000F19257 /* RxSwift-training-Tests.xctest */;
			productType = "com.apple.product-type.bundle.unit-test";
		};
		5F957FFF2590D00000F19257 /* RxSwift-training-UITests */ = {
			isa = PBXNativeTarget;
			buildConfigurationList = 5F95800F2590D00000F19257 /* Build configuration list for PBXNativeTarget "RxSwift-training-UITests" */;
			buildPhases = (
				969EBF857768A4ED3751574C /* [CP] Check Pods Manifest.lock */,
				5F957FFC2590D00000F19257 /* Sources */,
				5F957FFD2590D00000F19257 /* Frameworks */,
				5F957FFE2590D00000F19257 /* Resources */,
				3630D597FDDA6B1443D28F4E /* [CP] Embed Pods Frameworks */,
			);
			buildRules = (
			);
			dependencies = (
				5F9580022590D00000F19257 /* PBXTargetDependency */,
			);
			name = "RxSwift-training-UITests";
			productName = "RxSwift-training-UITests";
			productReference = 5F9580002590D00000F19257 /* RxSwift-training-UITests.xctest */;
			productType = "com.apple.product-type.bundle.ui-testing";
		};
/* End PBXNativeTarget section */

/* Begin PBXProject section */
		5F957FD72590CFFC00F19257 /* Project object */ = {
			isa = PBXProject;
			attributes = {
				LastSwiftUpdateCheck = 1230;
				LastUpgradeCheck = 1230;
				TargetAttributes = {
					5F957FDE2590CFFC00F19257 = {
						CreatedOnToolsVersion = 12.3;
					};
					5F957FF42590D00000F19257 = {
						CreatedOnToolsVersion = 12.3;
						TestTargetID = 5F957FDE2590CFFC00F19257;
					};
					5F957FFF2590D00000F19257 = {
						CreatedOnToolsVersion = 12.3;
						TestTargetID = 5F957FDE2590CFFC00F19257;
					};
				};
			};
			buildConfigurationList = 5F957FDA2590CFFC00F19257 /* Build configuration list for PBXProject "RxSwift-training-" */;
			compatibilityVersion = "Xcode 9.3";
			developmentRegion = en;
			hasScannedForEncodings = 0;
			knownRegions = (
				en,
				Base,
			);
			mainGroup = 5F957FD62590CFFC00F19257;
			productRefGroup = 5F957FE02590CFFC00F19257 /* Products */;
			projectDirPath = "";
			projectRoot = "";
			targets = (
				5F957FDE2590CFFC00F19257 /* RxSwift-training- */,
				5F957FF42590D00000F19257 /* RxSwift-training-Tests */,
				5F957FFF2590D00000F19257 /* RxSwift-training-UITests */,
			);
		};
/* End PBXProject section */

/* Begin PBXResourcesBuildPhase section */
		5F957FDD2590CFFC00F19257 /* Resources */ = {
			isa = PBXResourcesBuildPhase;
			buildActionMask = 2147483647;
			files = (
				5F957FEF2590D00000F19257 /* LaunchScreen.storyboard in Resources */,
				5F957FEC2590D00000F19257 /* Assets.xcassets in Resources */,
				5F957FEA2590CFFC00F19257 /* Main.storyboard in Resources */,
				5F95801F2590D38B00F19257 /* Task1.storyboard in Resources */,
				5F9580372593137E00F19257 /* Task2.storyboard in Resources */,
			);
			runOnlyForDeploymentPostprocessing = 0;
		};
		5F957FF32590D00000F19257 /* Resources */ = {
			isa = PBXResourcesBuildPhase;
			buildActionMask = 2147483647;
			files = (
			);
			runOnlyForDeploymentPostprocessing = 0;
		};
		5F957FFE2590D00000F19257 /* Resources */ = {
			isa = PBXResourcesBuildPhase;
			buildActionMask = 2147483647;
			files = (
			);
			runOnlyForDeploymentPostprocessing = 0;
		};
/* End PBXResourcesBuildPhase section */

/* Begin PBXShellScriptBuildPhase section */
		3630D597FDDA6B1443D28F4E /* [CP] Embed Pods Frameworks */ = {
			isa = PBXShellScriptBuildPhase;
			buildActionMask = 2147483647;
			files = (
			);
			inputFileListPaths = (
				"${PODS_ROOT}/Target Support Files/Pods-RxSwift-training--RxSwift-training-UITests/Pods-RxSwift-training--RxSwift-training-UITests-frameworks-${CONFIGURATION}-input-files.xcfilelist",
			);
			name = "[CP] Embed Pods Frameworks";
			outputFileListPaths = (
				"${PODS_ROOT}/Target Support Files/Pods-RxSwift-training--RxSwift-training-UITests/Pods-RxSwift-training--RxSwift-training-UITests-frameworks-${CONFIGURATION}-output-files.xcfilelist",
			);
			runOnlyForDeploymentPostprocessing = 0;
			shellPath = /bin/sh;
			shellScript = "\"${PODS_ROOT}/Target Support Files/Pods-RxSwift-training--RxSwift-training-UITests/Pods-RxSwift-training--RxSwift-training-UITests-frameworks.sh\"\n";
			showEnvVarsInLog = 0;
		};
		501A0DB6FD2A42ABD3813A57 /* [CP] Check Pods Manifest.lock */ = {
			isa = PBXShellScriptBuildPhase;
			buildActionMask = 2147483647;
			files = (
			);
			inputFileListPaths = (
			);
			inputPaths = (
				"${PODS_PODFILE_DIR_PATH}/Podfile.lock",
				"${PODS_ROOT}/Manifest.lock",
			);
			name = "[CP] Check Pods Manifest.lock";
			outputFileListPaths = (
			);
			outputPaths = (
				"$(DERIVED_FILE_DIR)/Pods-RxSwift-training--checkManifestLockResult.txt",
			);
			runOnlyForDeploymentPostprocessing = 0;
			shellPath = /bin/sh;
			shellScript = "diff \"${PODS_PODFILE_DIR_PATH}/Podfile.lock\" \"${PODS_ROOT}/Manifest.lock\" > /dev/null\nif [ $? != 0 ] ; then\n    # print error to STDERR\n    echo \"error: The sandbox is not in sync with the Podfile.lock. Run 'pod install' or update your CocoaPods installation.\" >&2\n    exit 1\nfi\n# This output is used by Xcode 'outputs' to avoid re-running this script phase.\necho \"SUCCESS\" > \"${SCRIPT_OUTPUT_FILE_0}\"\n";
			showEnvVarsInLog = 0;
		};
		969EBF857768A4ED3751574C /* [CP] Check Pods Manifest.lock */ = {
			isa = PBXShellScriptBuildPhase;
			buildActionMask = 2147483647;
			files = (
			);
			inputFileListPaths = (
			);
			inputPaths = (
				"${PODS_PODFILE_DIR_PATH}/Podfile.lock",
				"${PODS_ROOT}/Manifest.lock",
			);
			name = "[CP] Check Pods Manifest.lock";
			outputFileListPaths = (
			);
			outputPaths = (
				"$(DERIVED_FILE_DIR)/Pods-RxSwift-training--RxSwift-training-UITests-checkManifestLockResult.txt",
			);
			runOnlyForDeploymentPostprocessing = 0;
			shellPath = /bin/sh;
			shellScript = "diff \"${PODS_PODFILE_DIR_PATH}/Podfile.lock\" \"${PODS_ROOT}/Manifest.lock\" > /dev/null\nif [ $? != 0 ] ; then\n    # print error to STDERR\n    echo \"error: The sandbox is not in sync with the Podfile.lock. Run 'pod install' or update your CocoaPods installation.\" >&2\n    exit 1\nfi\n# This output is used by Xcode 'outputs' to avoid re-running this script phase.\necho \"SUCCESS\" > \"${SCRIPT_OUTPUT_FILE_0}\"\n";
			showEnvVarsInLog = 0;
		};
		B64E388101CE68DBB7669E2F /* [CP] Check Pods Manifest.lock */ = {
			isa = PBXShellScriptBuildPhase;
			buildActionMask = 2147483647;
			files = (
			);
			inputFileListPaths = (
			);
			inputPaths = (
				"${PODS_PODFILE_DIR_PATH}/Podfile.lock",
				"${PODS_ROOT}/Manifest.lock",
			);
			name = "[CP] Check Pods Manifest.lock";
			outputFileListPaths = (
			);
			outputPaths = (
				"$(DERIVED_FILE_DIR)/Pods-RxSwift-training-Tests-checkManifestLockResult.txt",
			);
			runOnlyForDeploymentPostprocessing = 0;
			shellPath = /bin/sh;
			shellScript = "diff \"${PODS_PODFILE_DIR_PATH}/Podfile.lock\" \"${PODS_ROOT}/Manifest.lock\" > /dev/null\nif [ $? != 0 ] ; then\n    # print error to STDERR\n    echo \"error: The sandbox is not in sync with the Podfile.lock. Run 'pod install' or update your CocoaPods installation.\" >&2\n    exit 1\nfi\n# This output is used by Xcode 'outputs' to avoid re-running this script phase.\necho \"SUCCESS\" > \"${SCRIPT_OUTPUT_FILE_0}\"\n";
			showEnvVarsInLog = 0;
		};
		C38640C009B96FC0CE2A295E /* [CP] Embed Pods Frameworks */ = {
			isa = PBXShellScriptBuildPhase;
			buildActionMask = 2147483647;
			files = (
			);
			inputFileListPaths = (
				"${PODS_ROOT}/Target Support Files/Pods-RxSwift-training-/Pods-RxSwift-training--frameworks-${CONFIGURATION}-input-files.xcfilelist",
			);
			name = "[CP] Embed Pods Frameworks";
			outputFileListPaths = (
				"${PODS_ROOT}/Target Support Files/Pods-RxSwift-training-/Pods-RxSwift-training--frameworks-${CONFIGURATION}-output-files.xcfilelist",
			);
			runOnlyForDeploymentPostprocessing = 0;
			shellPath = /bin/sh;
			shellScript = "\"${PODS_ROOT}/Target Support Files/Pods-RxSwift-training-/Pods-RxSwift-training--frameworks.sh\"\n";
			showEnvVarsInLog = 0;
		};
/* End PBXShellScriptBuildPhase section */

/* Begin PBXSourcesBuildPhase section */
		5F957FDB2590CFFC00F19257 /* Sources */ = {
			isa = PBXSourcesBuildPhase;
			buildActionMask = 2147483647;
			files = (
				5F95802F2593137100F19257 /* Task2ViewController.swift in Sources */,
				5F957FE72590CFFC00F19257 /* ViewController.swift in Sources */,
				5F957FE32590CFFC00F19257 /* AppDelegate.swift in Sources */,
				5F957FE52590CFFC00F19257 /* SceneDelegate.swift in Sources */,
				5F9580172590D37D00F19257 /* Task1ViewController.swift in Sources */,
			);
			runOnlyForDeploymentPostprocessing = 0;
		};
		5F957FF12590D00000F19257 /* Sources */ = {
			isa = PBXSourcesBuildPhase;
			buildActionMask = 2147483647;
			files = (
				5F957FFA2590D00000F19257 /* RxSwift_training_Tests.swift in Sources */,
			);
			runOnlyForDeploymentPostprocessing = 0;
		};
		5F957FFC2590D00000F19257 /* Sources */ = {
			isa = PBXSourcesBuildPhase;
			buildActionMask = 2147483647;
			files = (
				5F9580052590D00000F19257 /* RxSwift_training_UITests.swift in Sources */,
			);
			runOnlyForDeploymentPostprocessing = 0;
		};
/* End PBXSourcesBuildPhase section */

/* Begin PBXTargetDependency section */
		5F957FF72590D00000F19257 /* PBXTargetDependency */ = {
			isa = PBXTargetDependency;
			target = 5F957FDE2590CFFC00F19257 /* RxSwift-training- */;
			targetProxy = 5F957FF62590D00000F19257 /* PBXContainerItemProxy */;
		};
		5F9580022590D00000F19257 /* PBXTargetDependency */ = {
			isa = PBXTargetDependency;
			target = 5F957FDE2590CFFC00F19257 /* RxSwift-training- */;
			targetProxy = 5F9580012590D00000F19257 /* PBXContainerItemProxy */;
		};
/* End PBXTargetDependency section */

/* Begin PBXVariantGroup section */
		5F957FE82590CFFC00F19257 /* Main.storyboard */ = {
			isa = PBXVariantGroup;
			children = (
				5F957FE92590CFFC00F19257 /* Base */,
			);
			name = Main.storyboard;
			sourceTree = "<group>";
		};
		5F957FED2590D00000F19257 /* LaunchScreen.storyboard */ = {
			isa = PBXVariantGroup;
			children = (
				5F957FEE2590D00000F19257 /* Base */,
			);
			name = LaunchScreen.storyboard;
			sourceTree = "<group>";
		};
/* End PBXVariantGroup section */

/* Begin XCBuildConfiguration section */
		5F9580072590D00000F19257 /* Debug */ = {
			isa = XCBuildConfiguration;
			buildSettings = {
				ALWAYS_SEARCH_USER_PATHS = NO;
				CLANG_ANALYZER_NONNULL = YES;
				CLANG_ANALYZER_NUMBER_OBJECT_CONVERSION = YES_AGGRESSIVE;
				CLANG_CXX_LANGUAGE_STANDARD = "gnu++14";
				CLANG_CXX_LIBRARY = "libc++";
				CLANG_ENABLE_MODULES = YES;
				CLANG_ENABLE_OBJC_ARC = YES;
				CLANG_ENABLE_OBJC_WEAK = YES;
				CLANG_WARN_BLOCK_CAPTURE_AUTORELEASING = YES;
				CLANG_WARN_BOOL_CONVERSION = YES;
				CLANG_WARN_COMMA = YES;
				CLANG_WARN_CONSTANT_CONVERSION = YES;
				CLANG_WARN_DEPRECATED_OBJC_IMPLEMENTATIONS = YES;
				CLANG_WARN_DIRECT_OBJC_ISA_USAGE = YES_ERROR;
				CLANG_WARN_DOCUMENTATION_COMMENTS = YES;
				CLANG_WARN_EMPTY_BODY = YES;
				CLANG_WARN_ENUM_CONVERSION = YES;
				CLANG_WARN_INFINITE_RECURSION = YES;
				CLANG_WARN_INT_CONVERSION = YES;
				CLANG_WARN_NON_LITERAL_NULL_CONVERSION = YES;
				CLANG_WARN_OBJC_IMPLICIT_RETAIN_SELF = YES;
				CLANG_WARN_OBJC_LITERAL_CONVERSION = YES;
				CLANG_WARN_OBJC_ROOT_CLASS = YES_ERROR;
				CLANG_WARN_QUOTED_INCLUDE_IN_FRAMEWORK_HEADER = YES;
				CLANG_WARN_RANGE_LOOP_ANALYSIS = YES;
				CLANG_WARN_STRICT_PROTOTYPES = YES;
				CLANG_WARN_SUSPICIOUS_MOVE = YES;
				CLANG_WARN_UNGUARDED_AVAILABILITY = YES_AGGRESSIVE;
				CLANG_WARN_UNREACHABLE_CODE = YES;
				CLANG_WARN__DUPLICATE_METHOD_MATCH = YES;
				COPY_PHASE_STRIP = NO;
				DEBUG_INFORMATION_FORMAT = dwarf;
				ENABLE_STRICT_OBJC_MSGSEND = YES;
				ENABLE_TESTABILITY = YES;
				GCC_C_LANGUAGE_STANDARD = gnu11;
				GCC_DYNAMIC_NO_PIC = NO;
				GCC_NO_COMMON_BLOCKS = YES;
				GCC_OPTIMIZATION_LEVEL = 0;
				GCC_PREPROCESSOR_DEFINITIONS = (
					"DEBUG=1",
					"$(inherited)",
				);
				GCC_WARN_64_TO_32_BIT_CONVERSION = YES;
				GCC_WARN_ABOUT_RETURN_TYPE = YES_ERROR;
				GCC_WARN_UNDECLARED_SELECTOR = YES;
				GCC_WARN_UNINITIALIZED_AUTOS = YES_AGGRESSIVE;
				GCC_WARN_UNUSED_FUNCTION = YES;
				GCC_WARN_UNUSED_VARIABLE = YES;
				IPHONEOS_DEPLOYMENT_TARGET = 14.3;
				MTL_ENABLE_DEBUG_INFO = INCLUDE_SOURCE;
				MTL_FAST_MATH = YES;
				ONLY_ACTIVE_ARCH = YES;
				SDKROOT = iphoneos;
				SWIFT_ACTIVE_COMPILATION_CONDITIONS = DEBUG;
				SWIFT_OPTIMIZATION_LEVEL = "-Onone";
			};
			name = Debug;
		};
		5F9580082590D00000F19257 /* Release */ = {
			isa = XCBuildConfiguration;
			buildSettings = {
				ALWAYS_SEARCH_USER_PATHS = NO;
				CLANG_ANALYZER_NONNULL = YES;
				CLANG_ANALYZER_NUMBER_OBJECT_CONVERSION = YES_AGGRESSIVE;
				CLANG_CXX_LANGUAGE_STANDARD = "gnu++14";
				CLANG_CXX_LIBRARY = "libc++";
				CLANG_ENABLE_MODULES = YES;
				CLANG_ENABLE_OBJC_ARC = YES;
				CLANG_ENABLE_OBJC_WEAK = YES;
				CLANG_WARN_BLOCK_CAPTURE_AUTORELEASING = YES;
				CLANG_WARN_BOOL_CONVERSION = YES;
				CLANG_WARN_COMMA = YES;
				CLANG_WARN_CONSTANT_CONVERSION = YES;
				CLANG_WARN_DEPRECATED_OBJC_IMPLEMENTATIONS = YES;
				CLANG_WARN_DIRECT_OBJC_ISA_USAGE = YES_ERROR;
				CLANG_WARN_DOCUMENTATION_COMMENTS = YES;
				CLANG_WARN_EMPTY_BODY = YES;
				CLANG_WARN_ENUM_CONVERSION = YES;
				CLANG_WARN_INFINITE_RECURSION = YES;
				CLANG_WARN_INT_CONVERSION = YES;
				CLANG_WARN_NON_LITERAL_NULL_CONVERSION = YES;
				CLANG_WARN_OBJC_IMPLICIT_RETAIN_SELF = YES;
				CLANG_WARN_OBJC_LITERAL_CONVERSION = YES;
				CLANG_WARN_OBJC_ROOT_CLASS = YES_ERROR;
				CLANG_WARN_QUOTED_INCLUDE_IN_FRAMEWORK_HEADER = YES;
				CLANG_WARN_RANGE_LOOP_ANALYSIS = YES;
				CLANG_WARN_STRICT_PROTOTYPES = YES;
				CLANG_WARN_SUSPICIOUS_MOVE = YES;
				CLANG_WARN_UNGUARDED_AVAILABILITY = YES_AGGRESSIVE;
				CLANG_WARN_UNREACHABLE_CODE = YES;
				CLANG_WARN__DUPLICATE_METHOD_MATCH = YES;
				COPY_PHASE_STRIP = NO;
				DEBUG_INFORMATION_FORMAT = "dwarf-with-dsym";
				ENABLE_NS_ASSERTIONS = NO;
				ENABLE_STRICT_OBJC_MSGSEND = YES;
				GCC_C_LANGUAGE_STANDARD = gnu11;
				GCC_NO_COMMON_BLOCKS = YES;
				GCC_WARN_64_TO_32_BIT_CONVERSION = YES;
				GCC_WARN_ABOUT_RETURN_TYPE = YES_ERROR;
				GCC_WARN_UNDECLARED_SELECTOR = YES;
				GCC_WARN_UNINITIALIZED_AUTOS = YES_AGGRESSIVE;
				GCC_WARN_UNUSED_FUNCTION = YES;
				GCC_WARN_UNUSED_VARIABLE = YES;
				IPHONEOS_DEPLOYMENT_TARGET = 14.3;
				MTL_ENABLE_DEBUG_INFO = NO;
				MTL_FAST_MATH = YES;
				SDKROOT = iphoneos;
				SWIFT_COMPILATION_MODE = wholemodule;
				SWIFT_OPTIMIZATION_LEVEL = "-O";
				VALIDATE_PRODUCT = YES;
			};
			name = Release;
		};
		5F95800A2590D00000F19257 /* Debug */ = {
			isa = XCBuildConfiguration;
			baseConfigurationReference = 3552B54EFA02521C59E6B7AD /* Pods-RxSwift-training-.debug.xcconfig */;
			buildSettings = {
				ASSETCATALOG_COMPILER_APPICON_NAME = AppIcon;
				ASSETCATALOG_COMPILER_GLOBAL_ACCENT_COLOR_NAME = AccentColor;
				CODE_SIGN_STYLE = Automatic;
				DEVELOPMENT_TEAM = 65Z4MKYS28;
				INFOPLIST_FILE = "RxSwift-training-/Info.plist";
				LD_RUNPATH_SEARCH_PATHS = (
					"$(inherited)",
					"@executable_path/Frameworks",
				);
				PRODUCT_BUNDLE_IDENTIFIER = "com.Nonoka.RxSwift-training-";
				PRODUCT_NAME = "$(TARGET_NAME)";
				SWIFT_VERSION = 5.0;
				TARGETED_DEVICE_FAMILY = "1,2";
			};
			name = Debug;
		};
		5F95800B2590D00000F19257 /* Release */ = {
			isa = XCBuildConfiguration;
			baseConfigurationReference = 1F03FCE122F24EB196207453 /* Pods-RxSwift-training-.release.xcconfig */;
			buildSettings = {
				ASSETCATALOG_COMPILER_APPICON_NAME = AppIcon;
				ASSETCATALOG_COMPILER_GLOBAL_ACCENT_COLOR_NAME = AccentColor;
				CODE_SIGN_STYLE = Automatic;
				DEVELOPMENT_TEAM = 65Z4MKYS28;
				INFOPLIST_FILE = "RxSwift-training-/Info.plist";
				LD_RUNPATH_SEARCH_PATHS = (
					"$(inherited)",
					"@executable_path/Frameworks",
				);
				PRODUCT_BUNDLE_IDENTIFIER = "com.Nonoka.RxSwift-training-";
				PRODUCT_NAME = "$(TARGET_NAME)";
				SWIFT_VERSION = 5.0;
				TARGETED_DEVICE_FAMILY = "1,2";
			};
			name = Release;
		};
		5F95800D2590D00000F19257 /* Debug */ = {
			isa = XCBuildConfiguration;
			baseConfigurationReference = 74A34B7F47053BF5335CA0FA /* Pods-RxSwift-training-Tests.debug.xcconfig */;
			buildSettings = {
				ALWAYS_EMBED_SWIFT_STANDARD_LIBRARIES = YES;
				BUNDLE_LOADER = "$(TEST_HOST)";
				CODE_SIGN_STYLE = Automatic;
				DEVELOPMENT_TEAM = 65Z4MKYS28;
				INFOPLIST_FILE = "RxSwift-training-Tests/Info.plist";
				IPHONEOS_DEPLOYMENT_TARGET = 14.3;
				LD_RUNPATH_SEARCH_PATHS = (
					"$(inherited)",
					"@executable_path/Frameworks",
					"@loader_path/Frameworks",
				);
				PRODUCT_BUNDLE_IDENTIFIER = "com.Nonoka.RxSwift-training-Tests";
				PRODUCT_NAME = "$(TARGET_NAME)";
				SWIFT_VERSION = 5.0;
				TARGETED_DEVICE_FAMILY = "1,2";
				TEST_HOST = "$(BUILT_PRODUCTS_DIR)/RxSwift-training-.app/RxSwift-training-";
			};
			name = Debug;
		};
		5F95800E2590D00000F19257 /* Release */ = {
			isa = XCBuildConfiguration;
			baseConfigurationReference = E9553324D8E55A9AE0AE5D86 /* Pods-RxSwift-training-Tests.release.xcconfig */;
			buildSettings = {
				ALWAYS_EMBED_SWIFT_STANDARD_LIBRARIES = YES;
				BUNDLE_LOADER = "$(TEST_HOST)";
				CODE_SIGN_STYLE = Automatic;
				DEVELOPMENT_TEAM = 65Z4MKYS28;
				INFOPLIST_FILE = "RxSwift-training-Tests/Info.plist";
				IPHONEOS_DEPLOYMENT_TARGET = 14.3;
				LD_RUNPATH_SEARCH_PATHS = (
					"$(inherited)",
					"@executable_path/Frameworks",
					"@loader_path/Frameworks",
				);
				PRODUCT_BUNDLE_IDENTIFIER = "com.Nonoka.RxSwift-training-Tests";
				PRODUCT_NAME = "$(TARGET_NAME)";
				SWIFT_VERSION = 5.0;
				TARGETED_DEVICE_FAMILY = "1,2";
				TEST_HOST = "$(BUILT_PRODUCTS_DIR)/RxSwift-training-.app/RxSwift-training-";
			};
			name = Release;
		};
		5F9580102590D00000F19257 /* Debug */ = {
			isa = XCBuildConfiguration;
			baseConfigurationReference = 39C0273F9C84FFA7D6048717 /* Pods-RxSwift-training--RxSwift-training-UITests.debug.xcconfig */;
			buildSettings = {
				ALWAYS_EMBED_SWIFT_STANDARD_LIBRARIES = YES;
				CODE_SIGN_STYLE = Automatic;
				DEVELOPMENT_TEAM = 65Z4MKYS28;
				INFOPLIST_FILE = "RxSwift-training-UITests/Info.plist";
				LD_RUNPATH_SEARCH_PATHS = (
					"$(inherited)",
					"@executable_path/Frameworks",
					"@loader_path/Frameworks",
				);
				PRODUCT_BUNDLE_IDENTIFIER = "com.Nonoka.RxSwift-training-UITests";
				PRODUCT_NAME = "$(TARGET_NAME)";
				SWIFT_VERSION = 5.0;
				TARGETED_DEVICE_FAMILY = "1,2";
				TEST_TARGET_NAME = "RxSwift-training-";
			};
			name = Debug;
		};
		5F9580112590D00000F19257 /* Release */ = {
			isa = XCBuildConfiguration;
			baseConfigurationReference = 8F8996FA1F763BD08318EAFE /* Pods-RxSwift-training--RxSwift-training-UITests.release.xcconfig */;
			buildSettings = {
				ALWAYS_EMBED_SWIFT_STANDARD_LIBRARIES = YES;
				CODE_SIGN_STYLE = Automatic;
				DEVELOPMENT_TEAM = 65Z4MKYS28;
				INFOPLIST_FILE = "RxSwift-training-UITests/Info.plist";
				LD_RUNPATH_SEARCH_PATHS = (
					"$(inherited)",
					"@executable_path/Frameworks",
					"@loader_path/Frameworks",
				);
				PRODUCT_BUNDLE_IDENTIFIER = "com.Nonoka.RxSwift-training-UITests";
				PRODUCT_NAME = "$(TARGET_NAME)";
				SWIFT_VERSION = 5.0;
				TARGETED_DEVICE_FAMILY = "1,2";
				TEST_TARGET_NAME = "RxSwift-training-";
			};
			name = Release;
		};
/* End XCBuildConfiguration section */

/* Begin XCConfigurationList section */
		5F957FDA2590CFFC00F19257 /* Build configuration list for PBXProject "RxSwift-training-" */ = {
			isa = XCConfigurationList;
			buildConfigurations = (
				5F9580072590D00000F19257 /* Debug */,
				5F9580082590D00000F19257 /* Release */,
			);
			defaultConfigurationIsVisible = 0;
			defaultConfigurationName = Release;
		};
		5F9580092590D00000F19257 /* Build configuration list for PBXNativeTarget "RxSwift-training-" */ = {
			isa = XCConfigurationList;
			buildConfigurations = (
				5F95800A2590D00000F19257 /* Debug */,
				5F95800B2590D00000F19257 /* Release */,
			);
			defaultConfigurationIsVisible = 0;
			defaultConfigurationName = Release;
		};
		5F95800C2590D00000F19257 /* Build configuration list for PBXNativeTarget "RxSwift-training-Tests" */ = {
			isa = XCConfigurationList;
			buildConfigurations = (
				5F95800D2590D00000F19257 /* Debug */,
				5F95800E2590D00000F19257 /* Release */,
			);
			defaultConfigurationIsVisible = 0;
			defaultConfigurationName = Release;
		};
		5F95800F2590D00000F19257 /* Build configuration list for PBXNativeTarget "RxSwift-training-UITests" */ = {
			isa = XCConfigurationList;
			buildConfigurations = (
				5F9580102590D00000F19257 /* Debug */,
				5F9580112590D00000F19257 /* Release */,
			);
			defaultConfigurationIsVisible = 0;
			defaultConfigurationName = Release;
		};
/* End XCConfigurationList section */
	};
	rootObject = 5F957FD72590CFFC00F19257 /* Project object */;
}
